
Microsoft Visual Studio Solution File, Format Version 12.00
# Visual Studio Version 17
VisualStudioVersion = 17.10.35013.160
MinimumVisualStudioVersion = 10.0.40219.1
Project("{2150E333-8FDC-42A3-9474-1A3956D46DE8}") = "src", "src", "{1D4734BE-EA41-4AD0-814D-C96FEEB20378}"
EndProject
Project("{2150E333-8FDC-42A3-9474-1A3956D46DE8}") = "tests", "tests", "{9EF51A10-A98E-4AF6-8544-868F190B8B53}"
EndProject
Project("{FAE04EC0-301F-11D3-BF4B-00C04F79EFBC}") = "MtgEngine.Domain", "src\MtgEngine.Core\MtgEngine.Domain.csproj", "{529F55CA-4851-4B90-865B-8C84BD9B4821}"
EndProject
Project("{FAE04EC0-301F-11D3-BF4B-00C04F79EFBC}") = "Common", "src\Common\Common.csproj", "{923F3F72-2A3D-489F-AAFF-CF0017E0C60B}"
EndProject
Project("{FAE04EC0-301F-11D3-BF4B-00C04F79EFBC}") = "MtgEngine.Domain.UnitTests", "tests\MtgEngine.Domain.UnitTests\MtgEngine.Domain.UnitTests.csproj", "{6A00C939-F841-4B71-8CCA-D821D7A14594}"
EndProject
Global
	GlobalSection(SolutionConfigurationPlatforms) = preSolution
		Debug|Any CPU = Debug|Any CPU
		Release|Any CPU = Release|Any CPU
	EndGlobalSection
	GlobalSection(ProjectConfigurationPlatforms) = postSolution
		{529F55CA-4851-4B90-865B-8C84BD9B4821}.Debug|Any CPU.ActiveCfg = Debug|Any CPU
		{529F55CA-4851-4B90-865B-8C84BD9B4821}.Debug|Any CPU.Build.0 = Debug|Any CPU
		{529F55CA-4851-4B90-865B-8C84BD9B4821}.Release|Any CPU.ActiveCfg = Release|Any CPU
		{529F55CA-4851-4B90-865B-8C84BD9B4821}.Release|Any CPU.Build.0 = Release|Any CPU
		{923F3F72-2A3D-489F-AAFF-CF0017E0C60B}.Debug|Any CPU.ActiveCfg = Debug|Any CPU
		{923F3F72-2A3D-489F-AAFF-CF0017E0C60B}.Debug|Any CPU.Build.0 = Debug|Any CPU
		{923F3F72-2A3D-489F-AAFF-CF0017E0C60B}.Release|Any CPU.ActiveCfg = Release|Any CPU
		{923F3F72-2A3D-489F-AAFF-CF0017E0C60B}.Release|Any CPU.Build.0 = Release|Any CPU
		{6A00C939-F841-4B71-8CCA-D821D7A14594}.Debug|Any CPU.ActiveCfg = Debug|Any CPU
		{6A00C939-F841-4B71-8CCA-D821D7A14594}.Debug|Any CPU.Build.0 = Debug|Any CPU
		{6A00C939-F841-4B71-8CCA-D821D7A14594}.Release|Any CPU.ActiveCfg = Release|Any CPU
		{6A00C939-F841-4B71-8CCA-D821D7A14594}.Release|Any CPU.Build.0 = Release|Any CPU
	EndGlobalSection
	GlobalSection(SolutionProperties) = preSolution
		HideSolutionNode = FALSE
	EndGlobalSection
	GlobalSection(NestedProjects) = preSolution
		{529F55CA-4851-4B90-865B-8C84BD9B4821} = {1D4734BE-EA41-4AD0-814D-C96FEEB20378}
		{923F3F72-2A3D-489F-AAFF-CF0017E0C60B} = {1D4734BE-EA41-4AD0-814D-C96FEEB20378}
		{6A00C939-F841-4B71-8CCA-D821D7A14594} = {9EF51A10-A98E-4AF6-8544-868F190B8B53}
	EndGlobalSection
	GlobalSection(ExtensibilityGlobals) = postSolution
		SolutionGuid = {5095FB21-2C4A-4605-A338-0B36DFEF57E5}
	EndGlobalSection
EndGlobal
